PODS:
  - Capacitor (5.0.4):
    - CapacitorCordova
  - CapacitorCommunityKeepAwake (4.0.0):
    - Capacitor
  - CapacitorCordova (5.0.4)

DEPENDENCIES:
  - "Capacitor (from `../../../../node_modules/@capacitor/ios`)"
  - "CapacitorCommunityKeepAwake (from `../../node_modules/@capacitor-community/keep-awake`)"
  - "CapacitorCordova (from `../../../../node_modules/@capacitor/ios`)"

EXTERNAL SOURCES:
  Capacitor:
    :path: "../../../../node_modules/@capacitor/ios"
  CapacitorCommunityKeepAwake:
    :path: "../../node_modules/@capacitor-community/keep-awake"
  CapacitorCordova:
    :path: "../../../../node_modules/@capacitor/ios"

SPEC CHECKSUMS:
  Capacitor: d3d4463573438b9fa65326d1f3549da6f4c21634
  CapacitorCommunityKeepAwake: f3442e3e9b666dd0162522fbd053da1fe81ede20
  CapacitorCordova: b1fe6bf1f36974a8e4a9044b342d22d49c0996d6

PODFILE CHECKSUM: 6f12a70b5b28667f351c4c90ba9bf12749c16f9c

COCOAPODS: 1.12.1
